
Microsoft Visual Studio Solution File, Format Version 12.00
# Visual Studio Version 17
VisualStudioVersion = 17.8.34525.116
MinimumVisualStudioVersion = 10.0.40219.1
Project("{FAE04EC0-301F-11D3-BF4B-00C04F79EFBC}") = "GroundStation2024", "GroundStation2024\GroundStation2024.csproj", "{CDD4BAA7-0E63-4016-8B44-E4EF932FF7B9}"
EndProject
Global
	GlobalSection(SolutionConfigurationPlatforms) = preSolution
		Debug|Any CPU = Debug|Any CPU
		Release|Any CPU = Release|Any CPU
	EndGlobalSection
	GlobalSection(ProjectConfigurationPlatforms) = postSolution
		{CDD4BAA7-0E63-4016-8B44-E4EF932FF7B9}.Debug|Any CPU.ActiveCfg = Debug|Any CPU
		{CDD4BAA7-0E63-4016-8B44-E4EF932FF7B9}.Debug|Any CPU.Build.0 = Debug|Any CPU
		{CDD4BAA7-0E63-4016-8B44-E4EF932FF7B9}.Release|Any CPU.ActiveCfg = Release|Any CPU
		{CDD4BAA7-0E63-4016-8B44-E4EF932FF7B9}.Release|Any CPU.Build.0 = Release|Any CPU
	EndGlobalSection
	GlobalSection(SolutionProperties) = preSolution
		HideSolutionNode = FALSE
	EndGlobalSection
	GlobalSection(ExtensibilityGlobals) = postSolution
		SolutionGuid = {AC1F49FB-F1D1-4F29-83FD-85C884130941}
	EndGlobalSection
EndGlobal
